
Microsoft Visual Studio Solution File, Format Version 12.00
# Visual Studio Version 16
VisualStudioVersion = 16.0.28803.202
MinimumVisualStudioVersion = 10.0.40219.1
Project("{FAE04EC0-301F-11D3-BF4B-00C04F79EFBC}") = "праткика коряка", "праткика коряка\праткика коряка.csproj", "{820D9CF4-EF5B-4C0B-8BB3-B2BAE6AC4BFC}"
EndProject
Global
	GlobalSection(SolutionConfigurationPlatforms) = preSolution
		Debug|Any CPU = Debug|Any CPU
		Release|Any CPU = Release|Any CPU
	EndGlobalSection
	GlobalSection(ProjectConfigurationPlatforms) = postSolution
		{820D9CF4-EF5B-4C0B-8BB3-B2BAE6AC4BFC}.Debug|Any CPU.ActiveCfg = Debug|Any CPU
		{820D9CF4-EF5B-4C0B-8BB3-B2BAE6AC4BFC}.Debug|Any CPU.Build.0 = Debug|Any CPU
		{820D9CF4-EF5B-4C0B-8BB3-B2BAE6AC4BFC}.Release|Any CPU.ActiveCfg = Release|Any CPU
		{820D9CF4-EF5B-4C0B-8BB3-B2BAE6AC4BFC}.Release|Any CPU.Build.0 = Release|Any CPU
	EndGlobalSection
	GlobalSection(SolutionProperties) = preSolution
		HideSolutionNode = FALSE
	EndGlobalSection
	GlobalSection(ExtensibilityGlobals) = postSolution
		SolutionGuid = {ECFAD6DA-6788-4C5F-ABF4-4AE2A5B147F8}
	EndGlobalSection
EndGlobal
